// !$*UTF8*$!
{
	archiveVersion = 1;
	classes = {
	};
	objectVersion = 77;
	objects = {

/* Begin PBXBuildFile section */
		0D2909D12CA33971000A239C /* Alamofire in Frameworks */ = {isa = PBXBuildFile; productRef = 0D2909D02CA33971000A239C /* Alamofire */; };
/* End PBXBuildFile section */

/* Begin PBXContainerItemProxy section */
		0D2909B22CA32BCC000A239C /* PBXContainerItemProxy */ = {
			isa = PBXContainerItemProxy;
			containerPortal = 0D2909992CA32BCA000A239C /* Project object */;
			proxyType = 1;
			remoteGlobalIDString = 0D2909A02CA32BCA000A239C;
			remoteInfo = "vpd-list-tutorial";
		};
		0D2909BC2CA32BCC000A239C /* PBXContainerItemProxy */ = {
			isa = PBXContainerItemProxy;
			containerPortal = 0D2909992CA32BCA000A239C /* Project object */;
			proxyType = 1;
			remoteGlobalIDString = 0D2909A02CA32BCA000A239C;
			remoteInfo = "vpd-list-tutorial";
		};
/* End PBXContainerItemProxy section */

/* Begin PBXCopyFilesBuildPhase section */
		0D2909D52CA33976000A239C /* Embed Frameworks */ = {
			isa = PBXCopyFilesBuildPhase;
			buildActionMask = 2147483647;
			dstPath = "";
			dstSubfolderSpec = 10;
			files = (
			);
			name = "Embed Frameworks";
			runOnlyForDeploymentPostprocessing = 0;
		};
/* End PBXCopyFilesBuildPhase section */

/* Begin PBXFileReference section */
		0D2909A12CA32BCA000A239C /* vpd-list-assessment.app */ = {isa = PBXFileReference; explicitFileType = wrapper.application; includeInIndex = 0; path = "vpd-list-assessment.app"; sourceTree = BUILT_PRODUCTS_DIR; };
		0D2909B12CA32BCC000A239C /* vpd-list-assessmentTests.xctest */ = {isa = PBXFileReference; explicitFileType = wrapper.cfbundle; includeInIndex = 0; path = "vpd-list-assessmentTests.xctest"; sourceTree = BUILT_PRODUCTS_DIR; };
		0D2909BB2CA32BCC000A239C /* vpd-list-assessmentUITests.xctest */ = {isa = PBXFileReference; explicitFileType = wrapper.cfbundle; includeInIndex = 0; path = "vpd-list-assessmentUITests.xctest"; sourceTree = BUILT_PRODUCTS_DIR; };
/* End PBXFileReference section */

/* Begin PBXFileSystemSynchronizedRootGroup section */
		0D2909A32CA32BCA000A239C /* vpd-list-assessment */ = {
			isa = PBXFileSystemSynchronizedRootGroup;
			path = "vpd-list-assessment";
			sourceTree = "<group>";
		};
		0D2909B42CA32BCC000A239C /* vpd-list-assessmentTests */ = {
			isa = PBXFileSystemSynchronizedRootGroup;
			path = "vpd-list-assessmentTests";
			sourceTree = "<group>";
		};
		0D2909BE2CA32BCC000A239C /* vpd-list-assessmentUITests */ = {
			isa = PBXFileSystemSynchronizedRootGroup;
			path = "vpd-list-assessmentUITests";
			sourceTree = "<group>";
		};
/* End PBXFileSystemSynchronizedRootGroup section */

/* Begin PBXFrameworksBuildPhase section */
		0D29099E2CA32BCA000A239C /* Frameworks */ = {
			isa = PBXFrameworksBuildPhase;
			buildActionMask = 2147483647;
			files = (
				0D2909D12CA33971000A239C /* Alamofire in Frameworks */,
			);
			runOnlyForDeploymentPostprocessing = 0;
		};
		0D2909AE2CA32BCC000A239C /* Frameworks */ = {
			isa = PBXFrameworksBuildPhase;
			buildActionMask = 2147483647;
			files = (
			);
			runOnlyForDeploymentPostprocessing = 0;
		};
		0D2909B82CA32BCC000A239C /* Frameworks */ = {
			isa = PBXFrameworksBuildPhase;
			buildActionMask = 2147483647;
			files = (
			);
			runOnlyForDeploymentPostprocessing = 0;
		};
/* End PBXFrameworksBuildPhase section */

/* Begin PBXGroup section */
		0D2909982CA32BCA000A239C = {
			isa = PBXGroup;
			children = (
				0D2909A32CA32BCA000A239C /* vpd-list-assessment */,
				0D2909B42CA32BCC000A239C /* vpd-list-assessmentTests */,
				0D2909BE2CA32BCC000A239C /* vpd-list-assessmentUITests */,
				0D2909CF2CA33971000A239C /* Frameworks */,
				0D2909A22CA32BCA000A239C /* Products */,
			);
			sourceTree = "<group>";
		};
		0D2909A22CA32BCA000A239C /* Products */ = {
			isa = PBXGroup;
			children = (
				0D2909A12CA32BCA000A239C /* vpd-list-assessment.app */,
				0D2909B12CA32BCC000A239C /* vpd-list-assessmentTests.xctest */,
				0D2909BB2CA32BCC000A239C /* vpd-list-assessmentUITests.xctest */,
			);
			name = Products;
			sourceTree = "<group>";
		};
		0D2909CF2CA33971000A239C /* Frameworks */ = {
			isa = PBXGroup;
			children = (
			);
			name = Frameworks;
			sourceTree = "<group>";
		};
/* End PBXGroup section */

/* Begin PBXNativeTarget section */
		0D2909A02CA32BCA000A239C /* vpd-list-assessment */ = {
			isa = PBXNativeTarget;
			buildConfigurationList = 0D2909C52CA32BCC000A239C /* Build configuration list for PBXNativeTarget "vpd-list-assessment" */;
			buildPhases = (
				0D29099D2CA32BCA000A239C /* Sources */,
				0D29099E2CA32BCA000A239C /* Frameworks */,
				0D29099F2CA32BCA000A239C /* Resources */,
				0D2909D52CA33976000A239C /* Embed Frameworks */,
			);
			buildRules = (
			);
			dependencies = (
			);
			fileSystemSynchronizedGroups = (
				0D2909A32CA32BCA000A239C /* vpd-list-assessment */,
			);
			name = "vpd-list-assessment";
			packageProductDependencies = (
				0D2909D02CA33971000A239C /* Alamofire */,
			);
			productName = "vpd-list-tutorial";
			productReference = 0D2909A12CA32BCA000A239C /* vpd-list-assessment.app */;
			productType = "com.apple.product-type.application";
		};
		0D2909B02CA32BCC000A239C /* vpd-list-assessmentTests */ = {
			isa = PBXNativeTarget;
			buildConfigurationList = 0D2909C82CA32BCC000A239C /* Build configuration list for PBXNativeTarget "vpd-list-assessmentTests" */;
			buildPhases = (
				0D2909AD2CA32BCC000A239C /* Sources */,
				0D2909AE2CA32BCC000A239C /* Frameworks */,
				0D2909AF2CA32BCC000A239C /* Resources */,
			);
			buildRules = (
			);
			dependencies = (
				0D2909B32CA32BCC000A239C /* PBXTargetDependency */,
			);
			fileSystemSynchronizedGroups = (
				0D2909B42CA32BCC000A239C /* vpd-list-assessmentTests */,
			);
			name = "vpd-list-assessmentTests";
			packageProductDependencies = (
			);
			productName = "vpd-list-tutorialTests";
			productReference = 0D2909B12CA32BCC000A239C /* vpd-list-assessmentTests.xctest */;
			productType = "com.apple.product-type.bundle.unit-test";
		};
		0D2909BA2CA32BCC000A239C /* vpd-list-assessmentUITests */ = {
			isa = PBXNativeTarget;
			buildConfigurationList = 0D2909CB2CA32BCC000A239C /* Build configuration list for PBXNativeTarget "vpd-list-assessmentUITests" */;
			buildPhases = (
				0D2909B72CA32BCC000A239C /* Sources */,
				0D2909B82CA32BCC000A239C /* Frameworks */,
				0D2909B92CA32BCC000A239C /* Resources */,
			);
			buildRules = (
			);
			dependencies = (
				0D2909BD2CA32BCC000A239C /* PBXTargetDependency */,
			);
			fileSystemSynchronizedGroups = (
				0D2909BE2CA32BCC000A239C /* vpd-list-assessmentUITests */,
			);
			name = "vpd-list-assessmentUITests";
			packageProductDependencies = (
			);
			productName = "vpd-list-tutorialUITests";
			productReference = 0D2909BB2CA32BCC000A239C /* vpd-list-assessmentUITests.xctest */;
			productType = "com.apple.product-type.bundle.ui-testing";
		};
/* End PBXNativeTarget section */

/* Begin PBXProject section */
		0D2909992CA32BCA000A239C /* Project object */ = {
			isa = PBXProject;
			attributes = {
				BuildIndependentTargetsInParallel = 1;
				LastSwiftUpdateCheck = 1600;
				LastUpgradeCheck = 1600;
				TargetAttributes = {
					0D2909A02CA32BCA000A239C = {
						CreatedOnToolsVersion = 16.0;
					};
					0D2909B02CA32BCC000A239C = {
						CreatedOnToolsVersion = 16.0;
						TestTargetID = 0D2909A02CA32BCA000A239C;
					};
					0D2909BA2CA32BCC000A239C = {
						CreatedOnToolsVersion = 16.0;
						TestTargetID = 0D2909A02CA32BCA000A239C;
					};
				};
			};
			buildConfigurationList = 0D29099C2CA32BCA000A239C /* Build configuration list for PBXProject "vpd-list-assessment" */;
			developmentRegion = en;
			hasScannedForEncodings = 0;
			knownRegions = (
				en,
				Base,
			);
			mainGroup = 0D2909982CA32BCA000A239C;
			minimizedProjectReferenceProxies = 1;
			packageReferences = (
				0D2909CE2CA33944000A239C /* XCRemoteSwiftPackageReference "Alamofire" */,
			);
			preferredProjectObjectVersion = 77;
			productRefGroup = 0D2909A22CA32BCA000A239C /* Products */;
			projectDirPath = "";
			projectRoot = "";
			targets = (
				0D2909A02CA32BCA000A239C /* vpd-list-assessment */,
				0D2909B02CA32BCC000A239C /* vpd-list-assessmentTests */,
				0D2909BA2CA32BCC000A239C /* vpd-list-assessmentUITests */,
			);
		};
/* End PBXProject section */

/* Begin PBXResourcesBuildPhase section */
		0D29099F2CA32BCA000A239C /* Resources */ = {
			isa = PBXResourcesBuildPhase;
			buildActionMask = 2147483647;
			files = (
			);
			runOnlyForDeploymentPostprocessing = 0;
		};
		0D2909AF2CA32BCC000A239C /* Resources */ = {
			isa = PBXResourcesBuildPhase;
			buildActionMask = 2147483647;
			files = (
			);
			runOnlyForDeploymentPostprocessing = 0;
		};
		0D2909B92CA32BCC000A239C /* Resources */ = {
			isa = PBXResourcesBuildPhase;
			buildActionMask = 2147483647;
			files = (
			);
			runOnlyForDeploymentPostprocessing = 0;
		};
/* End PBXResourcesBuildPhase section */

/* Begin PBXSourcesBuildPhase section */
		0D29099D2CA32BCA000A239C /* Sources */ = {
			isa = PBXSourcesBuildPhase;
			buildActionMask = 2147483647;
			files = (
			);
			runOnlyForDeploymentPostprocessing = 0;
		};
		0D2909AD2CA32BCC000A239C /* Sources */ = {
			isa = PBXSourcesBuildPhase;
			buildActionMask = 2147483647;
			files = (
			);
			runOnlyForDeploymentPostprocessing = 0;
		};
		0D2909B72CA32BCC000A239C /* Sources */ = {
			isa = PBXSourcesBuildPhase;
			buildActionMask = 2147483647;
			files = (
			);
			runOnlyForDeploymentPostprocessing = 0;
		};
/* End PBXSourcesBuildPhase section */

/* Begin PBXTargetDependency section */
		0D2909B32CA32BCC000A239C /* PBXTargetDependency */ = {
			isa = PBXTargetDependency;
			target = 0D2909A02CA32BCA000A239C /* vpd-list-assessment */;
			targetProxy = 0D2909B22CA32BCC000A239C /* PBXContainerItemProxy */;
		};
		0D2909BD2CA32BCC000A239C /* PBXTargetDependency */ = {
			isa = PBXTargetDependency;
			target = 0D2909A02CA32BCA000A239C /* vpd-list-assessment */;
			targetProxy = 0D2909BC2CA32BCC000A239C /* PBXContainerItemProxy */;
		};
/* End PBXTargetDependency section */

/* Begin XCBuildConfiguration section */
		0D2909C32CA32BCC000A239C /* Debug */ = {
			isa = XCBuildConfiguration;
			buildSettings = {
				ALWAYS_SEARCH_USER_PATHS = NO;
				ASSETCATALOG_COMPILER_GENERATE_SWIFT_ASSET_SYMBOL_EXTENSIONS = YES;
				CLANG_ANALYZER_NONNULL = YES;
				CLANG_ANALYZER_NUMBER_OBJECT_CONVERSION = YES_AGGRESSIVE;
				CLANG_CXX_LANGUAGE_STANDARD = "gnu++20";
				CLANG_ENABLE_MODULES = YES;
				CLANG_ENABLE_OBJC_ARC = YES;
				CLANG_ENABLE_OBJC_WEAK = YES;
				CLANG_WARN_BLOCK_CAPTURE_AUTORELEASING = YES;
				CLANG_WARN_BOOL_CONVERSION = YES;
				CLANG_WARN_COMMA = YES;
				CLANG_WARN_CONSTANT_CONVERSION = YES;
				CLANG_WARN_DEPRECATED_OBJC_IMPLEMENTATIONS = YES;
				CLANG_WARN_DIRECT_OBJC_ISA_USAGE = YES_ERROR;
				CLANG_WARN_DOCUMENTATION_COMMENTS = YES;
				CLANG_WARN_EMPTY_BODY = YES;
				CLANG_WARN_ENUM_CONVERSION = YES;
				CLANG_WARN_INFINITE_RECURSION = YES;
				CLANG_WARN_INT_CONVERSION = YES;
				CLANG_WARN_NON_LITERAL_NULL_CONVERSION = YES;
				CLANG_WARN_OBJC_IMPLICIT_RETAIN_SELF = YES;
				CLANG_WARN_OBJC_LITERAL_CONVERSION = YES;
				CLANG_WARN_OBJC_ROOT_CLASS = YES_ERROR;
				CLANG_WARN_QUOTED_INCLUDE_IN_FRAMEWORK_HEADER = YES;
				CLANG_WARN_RANGE_LOOP_ANALYSIS = YES;
				CLANG_WARN_STRICT_PROTOTYPES = YES;
				CLANG_WARN_SUSPICIOUS_MOVE = YES;
				CLANG_WARN_UNGUARDED_AVAILABILITY = YES_AGGRESSIVE;
				CLANG_WARN_UNREACHABLE_CODE = YES;
				CLANG_WARN__DUPLICATE_METHOD_MATCH = YES;
				COPY_PHASE_STRIP = NO;
				DEBUG_INFORMATION_FORMAT = dwarf;
				ENABLE_STRICT_OBJC_MSGSEND = YES;
				ENABLE_TESTABILITY = YES;
				ENABLE_USER_SCRIPT_SANDBOXING = YES;
				GCC_C_LANGUAGE_STANDARD = gnu17;
				GCC_DYNAMIC_NO_PIC = NO;
				GCC_NO_COMMON_BLOCKS = YES;
				GCC_OPTIMIZATION_LEVEL = 0;
				GCC_PREPROCESSOR_DEFINITIONS = (
					"DEBUG=1",
					"$(inherited)",
				);
				GCC_WARN_64_TO_32_BIT_CONVERSION = YES;
				GCC_WARN_ABOUT_RETURN_TYPE = YES_ERROR;
				GCC_WARN_UNDECLARED_SELECTOR = YES;
				GCC_WARN_UNINITIALIZED_AUTOS = YES_AGGRESSIVE;
				GCC_WARN_UNUSED_FUNCTION = YES;
				GCC_WARN_UNUSED_VARIABLE = YES;
				IPHONEOS_DEPLOYMENT_TARGET = 18.0;
				LOCALIZATION_PREFERS_STRING_CATALOGS = YES;
				MTL_ENABLE_DEBUG_INFO = INCLUDE_SOURCE;
				MTL_FAST_MATH = YES;
				ONLY_ACTIVE_ARCH = YES;
				SDKROOT = iphoneos;
				SWIFT_ACTIVE_COMPILATION_CONDITIONS = "DEBUG $(inherited)";
				SWIFT_OPTIMIZATION_LEVEL = "-Onone";
			};
			name = Debug;
		};
		0D2909C42CA32BCC000A239C /* Release */ = {
			isa = XCBuildConfiguration;
			buildSettings = {
				ALWAYS_SEARCH_USER_PATHS = NO;
				ASSETCATALOG_COMPILER_GENERATE_SWIFT_ASSET_SYMBOL_EXTENSIONS = YES;
				CLANG_ANALYZER_NONNULL = YES;
				CLANG_ANALYZER_NUMBER_OBJECT_CONVERSION = YES_AGGRESSIVE;
				CLANG_CXX_LANGUAGE_STANDARD = "gnu++20";
				CLANG_ENABLE_MODULES = YES;
				CLANG_ENABLE_OBJC_ARC = YES;
				CLANG_ENABLE_OBJC_WEAK = YES;
				CLANG_WARN_BLOCK_CAPTURE_AUTORELEASING = YES;
				CLANG_WARN_BOOL_CONVERSION = YES;
				CLANG_WARN_COMMA = YES;
				CLANG_WARN_CONSTANT_CONVERSION = YES;
				CLANG_WARN_DEPRECATED_OBJC_IMPLEMENTATIONS = YES;
				CLANG_WARN_DIRECT_OBJC_ISA_USAGE = YES_ERROR;
				CLANG_WARN_DOCUMENTATION_COMMENTS = YES;
				CLANG_WARN_EMPTY_BODY = YES;
				CLANG_WARN_ENUM_CONVERSION = YES;
				CLANG_WARN_INFINITE_RECURSION = YES;
				CLANG_WARN_INT_CONVERSION = YES;
				CLANG_WARN_NON_LITERAL_NULL_CONVERSION = YES;
				CLANG_WARN_OBJC_IMPLICIT_RETAIN_SELF = YES;
				CLANG_WARN_OBJC_LITERAL_CONVERSION = YES;
				CLANG_WARN_OBJC_ROOT_CLASS = YES_ERROR;
				CLANG_WARN_QUOTED_INCLUDE_IN_FRAMEWORK_HEADER = YES;
				CLANG_WARN_RANGE_LOOP_ANALYSIS = YES;
				CLANG_WARN_STRICT_PROTOTYPES = YES;
				CLANG_WARN_SUSPICIOUS_MOVE = YES;
				CLANG_WARN_UNGUARDED_AVAILABILITY = YES_AGGRESSIVE;
				CLANG_WARN_UNREACHABLE_CODE = YES;
				CLANG_WARN__DUPLICATE_METHOD_MATCH = YES;
				COPY_PHASE_STRIP = NO;
				DEBUG_INFORMATION_FORMAT = "dwarf-with-dsym";
				ENABLE_NS_ASSERTIONS = NO;
				ENABLE_STRICT_OBJC_MSGSEND = YES;
				ENABLE_USER_SCRIPT_SANDBOXING = YES;
				GCC_C_LANGUAGE_STANDARD = gnu17;
				GCC_NO_COMMON_BLOCKS = YES;
				GCC_WARN_64_TO_32_BIT_CONVERSION = YES;
				GCC_WARN_ABOUT_RETURN_TYPE = YES_ERROR;
				GCC_WARN_UNDECLARED_SELECTOR = YES;
				GCC_WARN_UNINITIALIZED_AUTOS = YES_AGGRESSIVE;
				GCC_WARN_UNUSED_FUNCTION = YES;
				GCC_WARN_UNUSED_VARIABLE = YES;
				IPHONEOS_DEPLOYMENT_TARGET = 18.0;
				LOCALIZATION_PREFERS_STRING_CATALOGS = YES;
				MTL_ENABLE_DEBUG_INFO = NO;
				MTL_FAST_MATH = YES;
				SDKROOT = iphoneos;
				SWIFT_COMPILATION_MODE = wholemodule;
				VALIDATE_PRODUCT = YES;
			};
			name = Release;
		};
		0D2909C62CA32BCC000A239C /* Debug */ = {
			isa = XCBuildConfiguration;
			buildSettings = {
				ASSETCATALOG_COMPILER_APPICON_NAME = AppIcon;
				ASSETCATALOG_COMPILER_GLOBAL_ACCENT_COLOR_NAME = AccentColor;
				CODE_SIGN_STYLE = Automatic;
				CURRENT_PROJECT_VERSION = 1;
				DEVELOPMENT_ASSET_PATHS = "\"vpd-list-assessment/Preview Content\"";
				ENABLE_PREVIEWS = YES;
				GENERATE_INFOPLIST_FILE = YES;
				INFOPLIST_KEY_UIApplicationSceneManifest_Generation = YES;
				INFOPLIST_KEY_UIApplicationSupportsIndirectInputEvents = YES;
				INFOPLIST_KEY_UILaunchScreen_Generation = YES;
				INFOPLIST_KEY_UISupportedInterfaceOrientations_iPad = "UIInterfaceOrientationPortrait UIInterfaceOrientationPortraitUpsideDown UIInterfaceOrientationLandscapeLeft UIInterfaceOrientationLandscapeRight";
				INFOPLIST_KEY_UISupportedInterfaceOrientations_iPhone = "UIInterfaceOrientationPortrait UIInterfaceOrientationLandscapeLeft UIInterfaceOrientationLandscapeRight";
				LD_RUNPATH_SEARCH_PATHS = (
					"$(inherited)",
					"@executable_path/Frameworks",
				);
				MARKETING_VERSION = 1.0;
				PRODUCT_BUNDLE_IDENTIFIER = "list.vpd-list-tutorial";
				PRODUCT_NAME = "$(TARGET_NAME)";
				SWIFT_EMIT_LOC_STRINGS = YES;
				SWIFT_VERSION = 5.0;
				TARGETED_DEVICE_FAMILY = "1,2";
			};
			name = Debug;
		};
		0D2909C72CA32BCC000A239C /* Release */ = {
			isa = XCBuildConfiguration;
			buildSettings = {
				ASSETCATALOG_COMPILER_APPICON_NAME = AppIcon;
				ASSETCATALOG_COMPILER_GLOBAL_ACCENT_COLOR_NAME = AccentColor;
				CODE_SIGN_STYLE = Automatic;
				CURRENT_PROJECT_VERSION = 1;
				DEVELOPMENT_ASSET_PATHS = "\"vpd-list-assessment/Preview Content\"";
				ENABLE_PREVIEWS = YES;
				GENERATE_INFOPLIST_FILE = YES;
				INFOPLIST_KEY_UIApplicationSceneManifest_Generation = YES;
				INFOPLIST_KEY_UIApplicationSupportsIndirectInputEvents = YES;
				INFOPLIST_KEY_UILaunchScreen_Generation = YES;
				INFOPLIST_KEY_UISupportedInterfaceOrientations_iPad = "UIInterfaceOrientationPortrait UIInterfaceOrientationPortraitUpsideDown UIInterfaceOrientationLandscapeLeft UIInterfaceOrientationLandscapeRight";
				INFOPLIST_KEY_UISupportedInterfaceOrientations_iPhone = "UIInterfaceOrientationPortrait UIInterfaceOrientationLandscapeLeft UIInterfaceOrientationLandscapeRight";
				LD_RUNPATH_SEARCH_PATHS = (
					"$(inherited)",
					"@executable_path/Frameworks",
				);
				MARKETING_VERSION = 1.0;
				PRODUCT_BUNDLE_IDENTIFIER = "list.vpd-list-tutorial";
				PRODUCT_NAME = "$(TARGET_NAME)";
				SWIFT_EMIT_LOC_STRINGS = YES;
				SWIFT_VERSION = 5.0;
				TARGETED_DEVICE_FAMILY = "1,2";
			};
			name = Release;
		};
		0D2909C92CA32BCC000A239C /* Debug */ = {
			isa = XCBuildConfiguration;
			buildSettings = {
				BUNDLE_LOADER = "$(TEST_HOST)";
				CODE_SIGN_STYLE = Automatic;
				CURRENT_PROJECT_VERSION = 1;
				GENERATE_INFOPLIST_FILE = YES;
				IPHONEOS_DEPLOYMENT_TARGET = 18.0;
				MARKETING_VERSION = 1.0;
				PRODUCT_BUNDLE_IDENTIFIER = "list.vpd-list-tutorialTests";
				PRODUCT_NAME = "$(TARGET_NAME)";
				SWIFT_EMIT_LOC_STRINGS = NO;
				SWIFT_VERSION = 5.0;
				TARGETED_DEVICE_FAMILY = "1,2";
				TEST_HOST = "$(BUILT_PRODUCTS_DIR)/vpd-list-assessment.app/$(BUNDLE_EXECUTABLE_FOLDER_PATH)/vpd-list-assessment";
			};
			name = Debug;
		};
		0D2909CA2CA32BCC000A239C /* Release */ = {
			isa = XCBuildConfiguration;
			buildSettings = {
				BUNDLE_LOADER = "$(TEST_HOST)";
				CODE_SIGN_STYLE = Automatic;
				CURRENT_PROJECT_VERSION = 1;
				GENERATE_INFOPLIST_FILE = YES;
				IPHONEOS_DEPLOYMENT_TARGET = 18.0;
				MARKETING_VERSION = 1.0;
				PRODUCT_BUNDLE_IDENTIFIER = "list.vpd-list-tutorialTests";
				PRODUCT_NAME = "$(TARGET_NAME)";
				SWIFT_EMIT_LOC_STRINGS = NO;
				SWIFT_VERSION = 5.0;
				TARGETED_DEVICE_FAMILY = "1,2";
				TEST_HOST = "$(BUILT_PRODUCTS_DIR)/vpd-list-assessment.app/$(BUNDLE_EXECUTABLE_FOLDER_PATH)/vpd-list-assessment";
			};
			name = Release;
		};
		0D2909CC2CA32BCC000A239C /* Debug */ = {
			isa = XCBuildConfiguration;
			buildSettings = {
				CODE_SIGN_STYLE = Automatic;
				CURRENT_PROJECT_VERSION = 1;
				GENERATE_INFOPLIST_FILE = YES;
				MARKETING_VERSION = 1.0;
				PRODUCT_BUNDLE_IDENTIFIER = "list.vpd-list-tutorialUITests";
				PRODUCT_NAME = "$(TARGET_NAME)";
				SWIFT_EMIT_LOC_STRINGS = NO;
				SWIFT_VERSION = 5.0;
				TARGETED_DEVICE_FAMILY = "1,2";
				TEST_TARGET_NAME = "vpd-list-tutorial";
			};
			name = Debug;
		};
		0D2909CD2CA32BCC000A239C /* Release */ = {
			isa = XCBuildConfiguration;
			buildSettings = {
				CODE_SIGN_STYLE = Automatic;
				CURRENT_PROJECT_VERSION = 1;
				GENERATE_INFOPLIST_FILE = YES;
				MARKETING_VERSION = 1.0;
				PRODUCT_BUNDLE_IDENTIFIER = "list.vpd-list-tutorialUITests";
				PRODUCT_NAME = "$(TARGET_NAME)";
				SWIFT_EMIT_LOC_STRINGS = NO;
				SWIFT_VERSION = 5.0;
				TARGETED_DEVICE_FAMILY = "1,2";
				TEST_TARGET_NAME = "vpd-list-tutorial";
			};
			name = Release;
		};
/* End XCBuildConfiguration section */

/* Begin XCConfigurationList section */
		0D29099C2CA32BCA000A239C /* Build configuration list for PBXProject "vpd-list-assessment" */ = {
			isa = XCConfigurationList;
			buildConfigurations = (
				0D2909C32CA32BCC000A239C /* Debug */,
				0D2909C42CA32BCC000A239C /* Release */,
			);
			defaultConfigurationIsVisible = 0;
			defaultConfigurationName = Release;
		};
		0D2909C52CA32BCC000A239C /* Build configuration list for PBXNativeTarget "vpd-list-assessment" */ = {
			isa = XCConfigurationList;
			buildConfigurations = (
				0D2909C62CA32BCC000A239C /* Debug */,
				0D2909C72CA32BCC000A239C /* Release */,
			);
			defaultConfigurationIsVisible = 0;
			defaultConfigurationName = Release;
		};
		0D2909C82CA32BCC000A239C /* Build configuration list for PBXNativeTarget "vpd-list-assessmentTests" */ = {
			isa = XCConfigurationList;
			buildConfigurations = (
				0D2909C92CA32BCC000A239C /* Debug */,
				0D2909CA2CA32BCC000A239C /* Release */,
			);
			defaultConfigurationIsVisible = 0;
			defaultConfigurationName = Release;
		};
		0D2909CB2CA32BCC000A239C /* Build configuration list for PBXNativeTarget "vpd-list-assessmentUITests" */ = {
			isa = XCConfigurationList;
			buildConfigurations = (
				0D2909CC2CA32BCC000A239C /* Debug */,
				0D2909CD2CA32BCC000A239C /* Release */,
			);
			defaultConfigurationIsVisible = 0;
			defaultConfigurationName = Release;
		};
/* End XCConfigurationList section */

/* Begin XCRemoteSwiftPackageReference section */
		0D2909CE2CA33944000A239C /* XCRemoteSwiftPackageReference "Alamofire" */ = {
			isa = XCRemoteSwiftPackageReference;
			repositoryURL = "https://github.com/Alamofire/Alamofire.git";
			requirement = {
				kind = upToNextMajorVersion;
				minimumVersion = 5.9.1;
			};
		};
/* End XCRemoteSwiftPackageReference section */

/* Begin XCSwiftPackageProductDependency section */
		0D2909D02CA33971000A239C /* Alamofire */ = {
			isa = XCSwiftPackageProductDependency;
			package = 0D2909CE2CA33944000A239C /* XCRemoteSwiftPackageReference "Alamofire" */;
			productName = Alamofire;
		};
/* End XCSwiftPackageProductDependency section */
	};
	rootObject = 0D2909992CA32BCA000A239C /* Project object */;
}
